
Microsoft Visual Studio Solution File, Format Version 12.00
# Visual Studio Version 17
VisualStudioVersion = 17.11.35327.3
MinimumVisualStudioVersion = 10.0.40219.1
Project("{9A19103F-16F7-4668-BE54-9A1E7A4F7556}") = "GestorBitwise.APP", "GestorBitwise.APP\GestorBitwise.APP.csproj", "{8A6A5C42-8DC2-4EC3-9910-167079C9991A}"
EndProject
Project("{FAE04EC0-301F-11D3-BF4B-00C04F79EFBC}") = "GestorBitwise.DAL", "GestorBitwise.DAL\GestorBitwise.DAL.csproj", "{399936B1-1649-432F-85D3-9FF1F61F19F5}"
EndProject
Project("{FAE04EC0-301F-11D3-BF4B-00C04F79EFBC}") = "GestorBitwise.BLL", "GestorBitwise.BLL\GestorBitwise.BLL.csproj", "{A8C17D5E-28FE-44DE-9484-550E579906A9}"
EndProject
Project("{FAE04EC0-301F-11D3-BF4B-00C04F79EFBC}") = "GestorBitwise.ENTITY", "GestorBitwise.ENTITY\GestorBitwise.ENTITY.csproj", "{6CAD7595-3B9E-4C70-BFFA-9167BBABC265}"
EndProject
Global
	GlobalSection(SolutionConfigurationPlatforms) = preSolution
		Debug|Any CPU = Debug|Any CPU
		Release|Any CPU = Release|Any CPU
	EndGlobalSection
	GlobalSection(ProjectConfigurationPlatforms) = postSolution
		{8A6A5C42-8DC2-4EC3-9910-167079C9991A}.Debug|Any CPU.ActiveCfg = Debug|Any CPU
		{8A6A5C42-8DC2-4EC3-9910-167079C9991A}.Debug|Any CPU.Build.0 = Debug|Any CPU
		{8A6A5C42-8DC2-4EC3-9910-167079C9991A}.Release|Any CPU.ActiveCfg = Release|Any CPU
		{8A6A5C42-8DC2-4EC3-9910-167079C9991A}.Release|Any CPU.Build.0 = Release|Any CPU
		{399936B1-1649-432F-85D3-9FF1F61F19F5}.Debug|Any CPU.ActiveCfg = Debug|Any CPU
		{399936B1-1649-432F-85D3-9FF1F61F19F5}.Debug|Any CPU.Build.0 = Debug|Any CPU
		{399936B1-1649-432F-85D3-9FF1F61F19F5}.Release|Any CPU.ActiveCfg = Release|Any CPU
		{399936B1-1649-432F-85D3-9FF1F61F19F5}.Release|Any CPU.Build.0 = Release|Any CPU
		{A8C17D5E-28FE-44DE-9484-550E579906A9}.Debug|Any CPU.ActiveCfg = Debug|Any CPU
		{A8C17D5E-28FE-44DE-9484-550E579906A9}.Debug|Any CPU.Build.0 = Debug|Any CPU
		{A8C17D5E-28FE-44DE-9484-550E579906A9}.Release|Any CPU.ActiveCfg = Release|Any CPU
		{A8C17D5E-28FE-44DE-9484-550E579906A9}.Release|Any CPU.Build.0 = Release|Any CPU
		{6CAD7595-3B9E-4C70-BFFA-9167BBABC265}.Debug|Any CPU.ActiveCfg = Debug|Any CPU
		{6CAD7595-3B9E-4C70-BFFA-9167BBABC265}.Debug|Any CPU.Build.0 = Debug|Any CPU
		{6CAD7595-3B9E-4C70-BFFA-9167BBABC265}.Release|Any CPU.ActiveCfg = Release|Any CPU
		{6CAD7595-3B9E-4C70-BFFA-9167BBABC265}.Release|Any CPU.Build.0 = Release|Any CPU
	EndGlobalSection
	GlobalSection(SolutionProperties) = preSolution
		HideSolutionNode = FALSE
	EndGlobalSection
	GlobalSection(ExtensibilityGlobals) = postSolution
		SolutionGuid = {3C662ADA-3688-4BBA-A173-BCB433844AE6}
	EndGlobalSection
EndGlobal
